// !$*UTF8*$!
{
	archiveVersion = 1;
	classes = {
	};
	objectVersion = 46;
	objects = {

/* Begin PBXBuildFile section */
		831ED93F19F6BB47006CF654 /* main.m in Sources */ = {isa = PBXBuildFile; fileRef = 831ED93E19F6BB47006CF654 /* main.m */; };
		831ED94219F6BB47006CF654 /* AppDelegate.m in Sources */ = {isa = PBXBuildFile; fileRef = 831ED94119F6BB47006CF654 /* AppDelegate.m */; };
		831ED94519F6BB47006CF654 /* MainViewController.m in Sources */ = {isa = PBXBuildFile; fileRef = 831ED94419F6BB47006CF654 /* MainViewController.m */; };
		831ED94819F6BB47006CF654 /* Main.storyboard in Resources */ = {isa = PBXBuildFile; fileRef = 831ED94619F6BB47006CF654 /* Main.storyboard */; };
		831ED94A19F6BB47006CF654 /* Images.xcassets in Resources */ = {isa = PBXBuildFile; fileRef = 831ED94919F6BB47006CF654 /* Images.xcassets */; };
		831ED95919F6BB47006CF654 /* MiniShowsTests.m in Sources */ = {isa = PBXBuildFile; fileRef = 831ED95819F6BB47006CF654 /* MiniShowsTests.m */; };
		831ED96719F6BFB0006CF654 /* ShowCell.m in Sources */ = {isa = PBXBuildFile; fileRef = 831ED96619F6BFB0006CF654 /* ShowCell.m */; };
		832E6CFA19FC2AC200AE1F6A /* backButton.png in Resources */ = {isa = PBXBuildFile; fileRef = 832E6CE219FC2AC200AE1F6A /* backButton.png */; };
		832E6CFB19FC2AC200AE1F6A /* backButton@2x.png in Resources */ = {isa = PBXBuildFile; fileRef = 832E6CE319FC2AC200AE1F6A /* backButton@2x.png */; };
		832E6CFC19FC2AC200AE1F6A /* closeButton.png in Resources */ = {isa = PBXBuildFile; fileRef = 832E6CE419FC2AC200AE1F6A /* closeButton.png */; };
		832E6CFD19FC2AC200AE1F6A /* closeButton@2x.png in Resources */ = {isa = PBXBuildFile; fileRef = 832E6CE519FC2AC200AE1F6A /* closeButton@2x.png */; };
		832E6CFE19FC2AC200AE1F6A /* gridLayoutOFFButton.png in Resources */ = {isa = PBXBuildFile; fileRef = 832E6CE619FC2AC200AE1F6A /* gridLayoutOFFButton.png */; };
		832E6CFF19FC2AC200AE1F6A /* gridLayoutOFFButton@2x.png in Resources */ = {isa = PBXBuildFile; fileRef = 832E6CE719FC2AC200AE1F6A /* gridLayoutOFFButton@2x.png */; };
		832E6D0019FC2AC200AE1F6A /* gridLayoutONButton.png in Resources */ = {isa = PBXBuildFile; fileRef = 832E6CE819FC2AC200AE1F6A /* gridLayoutONButton.png */; };
		832E6D0119FC2AC200AE1F6A /* gridLayoutONButton@2x.png in Resources */ = {isa = PBXBuildFile; fileRef = 832E6CE919FC2AC200AE1F6A /* gridLayoutONButton@2x.png */; };
		832E6D0219FC2AC200AE1F6A /* info2Button.png in Resources */ = {isa = PBXBuildFile; fileRef = 832E6CEA19FC2AC200AE1F6A /* info2Button.png */; };
		832E6D0319FC2AC200AE1F6A /* info2Button@2x.png in Resources */ = {isa = PBXBuildFile; fileRef = 832E6CEB19FC2AC200AE1F6A /* info2Button@2x.png */; };
		832E6D0419FC2AC200AE1F6A /* infoButton.png in Resources */ = {isa = PBXBuildFile; fileRef = 832E6CEC19FC2AC200AE1F6A /* infoButton.png */; };
		832E6D0519FC2AC200AE1F6A /* infoButton@2x.png in Resources */ = {isa = PBXBuildFile; fileRef = 832E6CED19FC2AC200AE1F6A /* infoButton@2x.png */; };
		832E6D0619FC2AC200AE1F6A /* listLayoutOFFButton.png in Resources */ = {isa = PBXBuildFile; fileRef = 832E6CEE19FC2AC200AE1F6A /* listLayoutOFFButton.png */; };
		832E6D0719FC2AC200AE1F6A /* listLayoutOFFButton@2x.png in Resources */ = {isa = PBXBuildFile; fileRef = 832E6CEF19FC2AC200AE1F6A /* listLayoutOFFButton@2x.png */; };
		832E6D0819FC2AC200AE1F6A /* listLayoutONButton.png in Resources */ = {isa = PBXBuildFile; fileRef = 832E6CF019FC2AC200AE1F6A /* listLayoutONButton.png */; };
		832E6D0919FC2AC200AE1F6A /* listLayoutONButton@2x.png in Resources */ = {isa = PBXBuildFile; fileRef = 832E6CF119FC2AC200AE1F6A /* listLayoutONButton@2x.png */; };
		832E6D0A19FC2AC200AE1F6A /* menuButton.png in Resources */ = {isa = PBXBuildFile; fileRef = 832E6CF219FC2AC200AE1F6A /* menuButton.png */; };
		832E6D0B19FC2AC200AE1F6A /* menuButton@2x.png in Resources */ = {isa = PBXBuildFile; fileRef = 832E6CF319FC2AC200AE1F6A /* menuButton@2x.png */; };
		832E6D0C19FC2AC200AE1F6A /* seenButton.png in Resources */ = {isa = PBXBuildFile; fileRef = 832E6CF419FC2AC200AE1F6A /* seenButton.png */; };
		832E6D0D19FC2AC200AE1F6A /* seenButton@2x.png in Resources */ = {isa = PBXBuildFile; fileRef = 832E6CF519FC2AC200AE1F6A /* seenButton@2x.png */; };
		832E6D0E19FC2AC200AE1F6A /* settingsButton.png in Resources */ = {isa = PBXBuildFile; fileRef = 832E6CF619FC2AC200AE1F6A /* settingsButton.png */; };
		832E6D0F19FC2AC200AE1F6A /* settingsButton@2x.png in Resources */ = {isa = PBXBuildFile; fileRef = 832E6CF719FC2AC200AE1F6A /* settingsButton@2x.png */; };
		832E6D1019FC2AC200AE1F6A /* shareButton.png in Resources */ = {isa = PBXBuildFile; fileRef = 832E6CF819FC2AC200AE1F6A /* shareButton.png */; };
		832E6D1119FC2AC200AE1F6A /* shareButton@2x.png in Resources */ = {isa = PBXBuildFile; fileRef = 832E6CF919FC2AC200AE1F6A /* shareButton@2x.png */; };
		8384D8A819F7A77A00F2D4ED /* detail_bigbang_l.jpg in Resources */ = {isa = PBXBuildFile; fileRef = 8384D8A619F7A77A00F2D4ED /* detail_bigbang_l.jpg */; };
		8384D8A919F7A77A00F2D4ED /* detail_bigbang_p.jpg in Resources */ = {isa = PBXBuildFile; fileRef = 8384D8A719F7A77A00F2D4ED /* detail_bigbang_p.jpg */; };
		83DDFEB419FC352B00875324 /* Shows.m in Sources */ = {isa = PBXBuildFile; fileRef = 83DDFEB319FC352B00875324 /* Shows.m */; };
		A713F41419FC519D0005CBB5 /* OptionsViewController.m in Sources */ = {isa = PBXBuildFile; fileRef = A713F41319FC519D0005CBB5 /* OptionsViewController.m */; };
		A713F41B19FC6C810005CBB5 /* twitter.png in Resources */ = {isa = PBXBuildFile; fileRef = A713F41919FC6C810005CBB5 /* twitter.png */; };
		A713F41C19FC6C810005CBB5 /* twitter@2x.png in Resources */ = {isa = PBXBuildFile; fileRef = A713F41A19FC6C810005CBB5 /* twitter@2x.png */; };
		A713F41F19FC6EA90005CBB5 /* CustomView.m in Sources */ = {isa = PBXBuildFile; fileRef = A713F41E19FC6EA90005CBB5 /* CustomView.m */; };
		A73A8E9519FD056200764CDC /* CircleButton.m in Sources */ = {isa = PBXBuildFile; fileRef = A73A8E9419FD056200764CDC /* CircleButton.m */; };
		A7E8241919F799E70036D601 /* LaunchScreen.xib in Resources */ = {isa = PBXBuildFile; fileRef = A7E8241719F799E70036D601 /* LaunchScreen.xib */; };
		A7E8241C19F7A27B0036D601 /* Show.m in Sources */ = {isa = PBXBuildFile; fileRef = A7E8241B19F7A27B0036D601 /* Show.m */; };
		A7E8241E19F7AA500036D601 /* detail_bigbang_b.jpg in Resources */ = {isa = PBXBuildFile; fileRef = A7E8241D19F7AA500036D601 /* detail_bigbang_b.jpg */; };
/* End PBXBuildFile section */

/* Begin PBXContainerItemProxy section */
		831ED95319F6BB47006CF654 /* PBXContainerItemProxy */ = {
			isa = PBXContainerItemProxy;
			containerPortal = 831ED93119F6BB47006CF654 /* Project object */;
			proxyType = 1;
			remoteGlobalIDString = 831ED93819F6BB47006CF654;
			remoteInfo = MiniShows;
		};
/* End PBXContainerItemProxy section */

/* Begin PBXFileReference section */
		831ED93919F6BB47006CF654 /* MiniShows.app */ = {isa = PBXFileReference; explicitFileType = wrapper.application; includeInIndex = 0; path = MiniShows.app; sourceTree = BUILT_PRODUCTS_DIR; };
		831ED93D19F6BB47006CF654 /* Info.plist */ = {isa = PBXFileReference; lastKnownFileType = text.plist.xml; path = Info.plist; sourceTree = "<group>"; };
		831ED93E19F6BB47006CF654 /* main.m */ = {isa = PBXFileReference; lastKnownFileType = sourcecode.c.objc; path = main.m; sourceTree = "<group>"; };
		831ED94019F6BB47006CF654 /* AppDelegate.h */ = {isa = PBXFileReference; lastKnownFileType = sourcecode.c.h; path = AppDelegate.h; sourceTree = "<group>"; };
		831ED94119F6BB47006CF654 /* AppDelegate.m */ = {isa = PBXFileReference; lastKnownFileType = sourcecode.c.objc; path = AppDelegate.m; sourceTree = "<group>"; };
		831ED94319F6BB47006CF654 /* MainViewController.h */ = {isa = PBXFileReference; lastKnownFileType = sourcecode.c.h; path = MainViewController.h; sourceTree = "<group>"; };
		831ED94419F6BB47006CF654 /* MainViewController.m */ = {isa = PBXFileReference; lastKnownFileType = sourcecode.c.objc; path = MainViewController.m; sourceTree = "<group>"; };
		831ED94719F6BB47006CF654 /* Base */ = {isa = PBXFileReference; lastKnownFileType = file.storyboard; name = Base; path = Base.lproj/Main.storyboard; sourceTree = "<group>"; };
		831ED94919F6BB47006CF654 /* Images.xcassets */ = {isa = PBXFileReference; lastKnownFileType = folder.assetcatalog; path = Images.xcassets; sourceTree = "<group>"; };
		831ED95219F6BB47006CF654 /* MiniShowsTests.xctest */ = {isa = PBXFileReference; explicitFileType = wrapper.cfbundle; includeInIndex = 0; path = MiniShowsTests.xctest; sourceTree = BUILT_PRODUCTS_DIR; };
		831ED95719F6BB47006CF654 /* Info.plist */ = {isa = PBXFileReference; lastKnownFileType = text.plist.xml; path = Info.plist; sourceTree = "<group>"; };
		831ED95819F6BB47006CF654 /* MiniShowsTests.m */ = {isa = PBXFileReference; lastKnownFileType = sourcecode.c.objc; path = MiniShowsTests.m; sourceTree = "<group>"; };
		831ED96519F6BFB0006CF654 /* ShowCell.h */ = {isa = PBXFileReference; fileEncoding = 4; lastKnownFileType = sourcecode.c.h; path = ShowCell.h; sourceTree = "<group>"; };
		831ED96619F6BFB0006CF654 /* ShowCell.m */ = {isa = PBXFileReference; fileEncoding = 4; lastKnownFileType = sourcecode.c.objc; path = ShowCell.m; sourceTree = "<group>"; };
		832E6CE219FC2AC200AE1F6A /* backButton.png */ = {isa = PBXFileReference; lastKnownFileType = image.png; path = backButton.png; sourceTree = "<group>"; };
		832E6CE319FC2AC200AE1F6A /* backButton@2x.png */ = {isa = PBXFileReference; lastKnownFileType = image.png; path = "backButton@2x.png"; sourceTree = "<group>"; };
		832E6CE419FC2AC200AE1F6A /* closeButton.png */ = {isa = PBXFileReference; lastKnownFileType = image.png; path = closeButton.png; sourceTree = "<group>"; };
		832E6CE519FC2AC200AE1F6A /* closeButton@2x.png */ = {isa = PBXFileReference; lastKnownFileType = image.png; path = "closeButton@2x.png"; sourceTree = "<group>"; };
		832E6CE619FC2AC200AE1F6A /* gridLayoutOFFButton.png */ = {isa = PBXFileReference; lastKnownFileType = image.png; path = gridLayoutOFFButton.png; sourceTree = "<group>"; };
		832E6CE719FC2AC200AE1F6A /* gridLayoutOFFButton@2x.png */ = {isa = PBXFileReference; lastKnownFileType = image.png; path = "gridLayoutOFFButton@2x.png"; sourceTree = "<group>"; };
		832E6CE819FC2AC200AE1F6A /* gridLayoutONButton.png */ = {isa = PBXFileReference; lastKnownFileType = image.png; path = gridLayoutONButton.png; sourceTree = "<group>"; };
		832E6CE919FC2AC200AE1F6A /* gridLayoutONButton@2x.png */ = {isa = PBXFileReference; lastKnownFileType = image.png; path = "gridLayoutONButton@2x.png"; sourceTree = "<group>"; };
		832E6CEA19FC2AC200AE1F6A /* info2Button.png */ = {isa = PBXFileReference; lastKnownFileType = image.png; path = info2Button.png; sourceTree = "<group>"; };
		832E6CEB19FC2AC200AE1F6A /* info2Button@2x.png */ = {isa = PBXFileReference; lastKnownFileType = image.png; path = "info2Button@2x.png"; sourceTree = "<group>"; };
		832E6CEC19FC2AC200AE1F6A /* infoButton.png */ = {isa = PBXFileReference; lastKnownFileType = image.png; path = infoButton.png; sourceTree = "<group>"; };
		832E6CED19FC2AC200AE1F6A /* infoButton@2x.png */ = {isa = PBXFileReference; lastKnownFileType = image.png; path = "infoButton@2x.png"; sourceTree = "<group>"; };
		832E6CEE19FC2AC200AE1F6A /* listLayoutOFFButton.png */ = {isa = PBXFileReference; lastKnownFileType = image.png; path = listLayoutOFFButton.png; sourceTree = "<group>"; };
		832E6CEF19FC2AC200AE1F6A /* listLayoutOFFButton@2x.png */ = {isa = PBXFileReference; lastKnownFileType = image.png; path = "listLayoutOFFButton@2x.png"; sourceTree = "<group>"; };
		832E6CF019FC2AC200AE1F6A /* listLayoutONButton.png */ = {isa = PBXFileReference; lastKnownFileType = image.png; path = listLayoutONButton.png; sourceTree = "<group>"; };
		832E6CF119FC2AC200AE1F6A /* listLayoutONButton@2x.png */ = {isa = PBXFileReference; lastKnownFileType = image.png; path = "listLayoutONButton@2x.png"; sourceTree = "<group>"; };
		832E6CF219FC2AC200AE1F6A /* menuButton.png */ = {isa = PBXFileReference; lastKnownFileType = image.png; path = menuButton.png; sourceTree = "<group>"; };
		832E6CF319FC2AC200AE1F6A /* menuButton@2x.png */ = {isa = PBXFileReference; lastKnownFileType = image.png; path = "menuButton@2x.png"; sourceTree = "<group>"; };
		832E6CF419FC2AC200AE1F6A /* seenButton.png */ = {isa = PBXFileReference; lastKnownFileType = image.png; path = seenButton.png; sourceTree = "<group>"; };
		832E6CF519FC2AC200AE1F6A /* seenButton@2x.png */ = {isa = PBXFileReference; lastKnownFileType = image.png; path = "seenButton@2x.png"; sourceTree = "<group>"; };
		832E6CF619FC2AC200AE1F6A /* settingsButton.png */ = {isa = PBXFileReference; lastKnownFileType = image.png; path = settingsButton.png; sourceTree = "<group>"; };
		832E6CF719FC2AC200AE1F6A /* settingsButton@2x.png */ = {isa = PBXFileReference; lastKnownFileType = image.png; path = "settingsButton@2x.png"; sourceTree = "<group>"; };
		832E6CF819FC2AC200AE1F6A /* shareButton.png */ = {isa = PBXFileReference; lastKnownFileType = image.png; path = shareButton.png; sourceTree = "<group>"; };
		832E6CF919FC2AC200AE1F6A /* shareButton@2x.png */ = {isa = PBXFileReference; lastKnownFileType = image.png; path = "shareButton@2x.png"; sourceTree = "<group>"; };
		8384D8A619F7A77A00F2D4ED /* detail_bigbang_l.jpg */ = {isa = PBXFileReference; lastKnownFileType = image.jpeg; path = detail_bigbang_l.jpg; sourceTree = "<group>"; };
		8384D8A719F7A77A00F2D4ED /* detail_bigbang_p.jpg */ = {isa = PBXFileReference; lastKnownFileType = image.jpeg; path = detail_bigbang_p.jpg; sourceTree = "<group>"; };
		83DDFEB219FC352B00875324 /* Shows.h */ = {isa = PBXFileReference; fileEncoding = 4; lastKnownFileType = sourcecode.c.h; path = Shows.h; sourceTree = "<group>"; };
		83DDFEB319FC352B00875324 /* Shows.m */ = {isa = PBXFileReference; fileEncoding = 4; lastKnownFileType = sourcecode.c.objc; path = Shows.m; sourceTree = "<group>"; };
		A713F41219FC519D0005CBB5 /* OptionsViewController.h */ = {isa = PBXFileReference; fileEncoding = 4; lastKnownFileType = sourcecode.c.h; path = OptionsViewController.h; sourceTree = "<group>"; };
		A713F41319FC519D0005CBB5 /* OptionsViewController.m */ = {isa = PBXFileReference; fileEncoding = 4; lastKnownFileType = sourcecode.c.objc; path = OptionsViewController.m; sourceTree = "<group>"; };
		A713F41919FC6C810005CBB5 /* twitter.png */ = {isa = PBXFileReference; lastKnownFileType = image.png; path = twitter.png; sourceTree = "<group>"; };
		A713F41A19FC6C810005CBB5 /* twitter@2x.png */ = {isa = PBXFileReference; lastKnownFileType = image.png; path = "twitter@2x.png"; sourceTree = "<group>"; };
		A713F41D19FC6EA90005CBB5 /* CustomView.h */ = {isa = PBXFileReference; fileEncoding = 4; lastKnownFileType = sourcecode.c.h; path = CustomView.h; sourceTree = "<group>"; };
		A713F41E19FC6EA90005CBB5 /* CustomView.m */ = {isa = PBXFileReference; fileEncoding = 4; lastKnownFileType = sourcecode.c.objc; path = CustomView.m; sourceTree = "<group>"; };
		A73A8E9319FD056200764CDC /* CircleButton.h */ = {isa = PBXFileReference; fileEncoding = 4; lastKnownFileType = sourcecode.c.h; path = CircleButton.h; sourceTree = "<group>"; };
		A73A8E9419FD056200764CDC /* CircleButton.m */ = {isa = PBXFileReference; fileEncoding = 4; lastKnownFileType = sourcecode.c.objc; path = CircleButton.m; sourceTree = "<group>"; };
		A7E8241819F799E70036D601 /* Base */ = {isa = PBXFileReference; lastKnownFileType = file.xib; name = Base; path = Base.lproj/LaunchScreen.xib; sourceTree = "<group>"; };
		A7E8241A19F7A27B0036D601 /* Show.h */ = {isa = PBXFileReference; fileEncoding = 4; lastKnownFileType = sourcecode.c.h; path = Show.h; sourceTree = "<group>"; };
		A7E8241B19F7A27B0036D601 /* Show.m */ = {isa = PBXFileReference; fileEncoding = 4; lastKnownFileType = sourcecode.c.objc; path = Show.m; sourceTree = "<group>"; };
		A7E8241D19F7AA500036D601 /* detail_bigbang_b.jpg */ = {isa = PBXFileReference; lastKnownFileType = image.jpeg; path = detail_bigbang_b.jpg; sourceTree = "<group>"; };
/* End PBXFileReference section */

/* Begin PBXFrameworksBuildPhase section */
		831ED93619F6BB47006CF654 /* Frameworks */ = {
			isa = PBXFrameworksBuildPhase;
			buildActionMask = 2147483647;
			files = (
			);
			runOnlyForDeploymentPostprocessing = 0;
		};
		831ED94F19F6BB47006CF654 /* Frameworks */ = {
			isa = PBXFrameworksBuildPhase;
			buildActionMask = 2147483647;
			files = (
			);
			runOnlyForDeploymentPostprocessing = 0;
		};
/* End PBXFrameworksBuildPhase section */

/* Begin PBXGroup section */
		831ED93019F6BB47006CF654 = {
			isa = PBXGroup;
			children = (
				831ED93B19F6BB47006CF654 /* MiniShows */,
				831ED95519F6BB47006CF654 /* MiniShowsTests */,
				831ED93A19F6BB47006CF654 /* Products */,
			);
			sourceTree = "<group>";
		};
		831ED93A19F6BB47006CF654 /* Products */ = {
			isa = PBXGroup;
			children = (
				831ED93919F6BB47006CF654 /* MiniShows.app */,
				831ED95219F6BB47006CF654 /* MiniShowsTests.xctest */,
			);
			name = Products;
			sourceTree = "<group>";
		};
		831ED93B19F6BB47006CF654 /* MiniShows */ = {
			isa = PBXGroup;
			children = (
				A713F41519FC618E0005CBB5 /* Utilities */,
				831ED94019F6BB47006CF654 /* AppDelegate.h */,
				831ED94119F6BB47006CF654 /* AppDelegate.m */,
				8384D8A519F7A75800F2D4ED /* Resources */,
				831ED96419F6BDE8006CF654 /* Model */,
				831ED96319F6BDDE006CF654 /* Controllers */,
				831ED96219F6BC43006CF654 /* Views */,
				831ED94919F6BB47006CF654 /* Images.xcassets */,
				831ED93C19F6BB47006CF654 /* Supporting Files */,
			);
			path = MiniShows;
			sourceTree = "<group>";
		};
		831ED93C19F6BB47006CF654 /* Supporting Files */ = {
			isa = PBXGroup;
			children = (
				831ED93D19F6BB47006CF654 /* Info.plist */,
				831ED93E19F6BB47006CF654 /* main.m */,
			);
			path = "Supporting Files";
			sourceTree = "<group>";
		};
		831ED95519F6BB47006CF654 /* MiniShowsTests */ = {
			isa = PBXGroup;
			children = (
				831ED95819F6BB47006CF654 /* MiniShowsTests.m */,
				831ED95619F6BB47006CF654 /* Supporting Files */,
			);
			path = MiniShowsTests;
			sourceTree = "<group>";
		};
		831ED95619F6BB47006CF654 /* Supporting Files */ = {
			isa = PBXGroup;
			children = (
				831ED95719F6BB47006CF654 /* Info.plist */,
			);
			path = "Supporting Files";
			sourceTree = "<group>";
		};
		831ED96219F6BC43006CF654 /* Views */ = {
			isa = PBXGroup;
			children = (
				A7E8241719F799E70036D601 /* LaunchScreen.xib */,
				831ED94619F6BB47006CF654 /* Main.storyboard */,
				831ED96519F6BFB0006CF654 /* ShowCell.h */,
				831ED96619F6BFB0006CF654 /* ShowCell.m */,
				A713F41D19FC6EA90005CBB5 /* CustomView.h */,
				A713F41E19FC6EA90005CBB5 /* CustomView.m */,
				A73A8E9319FD056200764CDC /* CircleButton.h */,
				A73A8E9419FD056200764CDC /* CircleButton.m */,
			);
			path = Views;
			sourceTree = "<group>";
		};
		831ED96319F6BDDE006CF654 /* Controllers */ = {
			isa = PBXGroup;
			children = (
				831ED94319F6BB47006CF654 /* MainViewController.h */,
				831ED94419F6BB47006CF654 /* MainViewController.m */,
				A713F41219FC519D0005CBB5 /* OptionsViewController.h */,
				A713F41319FC519D0005CBB5 /* OptionsViewController.m */,
			);
			path = Controllers;
			sourceTree = "<group>";
		};
		831ED96419F6BDE8006CF654 /* Model */ = {
			isa = PBXGroup;
			children = (
				A7E8241A19F7A27B0036D601 /* Show.h */,
				A7E8241B19F7A27B0036D601 /* Show.m */,
				83DDFEB219FC352B00875324 /* Shows.h */,
				83DDFEB319FC352B00875324 /* Shows.m */,
			);
			path = Model;
			sourceTree = "<group>";
		};
		8384D8A519F7A75800F2D4ED /* Resources */ = {
			isa = PBXGroup;
			children = (
				A713F41919FC6C810005CBB5 /* twitter.png */,
				A713F41A19FC6C810005CBB5 /* twitter@2x.png */,
				832E6CE219FC2AC200AE1F6A /* backButton.png */,
				832E6CE319FC2AC200AE1F6A /* backButton@2x.png */,
				832E6CE419FC2AC200AE1F6A /* closeButton.png */,
				832E6CE519FC2AC200AE1F6A /* closeButton@2x.png */,
				832E6CE619FC2AC200AE1F6A /* gridLayoutOFFButton.png */,
				832E6CE719FC2AC200AE1F6A /* gridLayoutOFFButton@2x.png */,
				832E6CE819FC2AC200AE1F6A /* gridLayoutONButton.png */,
				832E6CE919FC2AC200AE1F6A /* gridLayoutONButton@2x.png */,
				832E6CEA19FC2AC200AE1F6A /* info2Button.png */,
				832E6CEB19FC2AC200AE1F6A /* info2Button@2x.png */,
				832E6CEC19FC2AC200AE1F6A /* infoButton.png */,
				832E6CED19FC2AC200AE1F6A /* infoButton@2x.png */,
				832E6CEE19FC2AC200AE1F6A /* listLayoutOFFButton.png */,
				832E6CEF19FC2AC200AE1F6A /* listLayoutOFFButton@2x.png */,
				832E6CF019FC2AC200AE1F6A /* listLayoutONButton.png */,
				832E6CF119FC2AC200AE1F6A /* listLayoutONButton@2x.png */,
				832E6CF219FC2AC200AE1F6A /* menuButton.png */,
				832E6CF319FC2AC200AE1F6A /* menuButton@2x.png */,
				832E6CF419FC2AC200AE1F6A /* seenButton.png */,
				832E6CF519FC2AC200AE1F6A /* seenButton@2x.png */,
				832E6CF619FC2AC200AE1F6A /* settingsButton.png */,
				832E6CF719FC2AC200AE1F6A /* settingsButton@2x.png */,
				832E6CF819FC2AC200AE1F6A /* shareButton.png */,
				832E6CF919FC2AC200AE1F6A /* shareButton@2x.png */,
				8384D8A619F7A77A00F2D4ED /* detail_bigbang_l.jpg */,
				A7E8241D19F7AA500036D601 /* detail_bigbang_b.jpg */,
				8384D8A719F7A77A00F2D4ED /* detail_bigbang_p.jpg */,
			);
			path = Resources;
			sourceTree = "<group>";
		};
		A713F41519FC618E0005CBB5 /* Utilities */ = {
			isa = PBXGroup;
			children = (
			);
			name = Utilities;
			sourceTree = "<group>";
		};
/* End PBXGroup section */

/* Begin PBXNativeTarget section */
		831ED93819F6BB47006CF654 /* MiniShows */ = {
			isa = PBXNativeTarget;
			buildConfigurationList = 831ED95C19F6BB47006CF654 /* Build configuration list for PBXNativeTarget "MiniShows" */;
			buildPhases = (
				831ED93519F6BB47006CF654 /* Sources */,
				831ED93619F6BB47006CF654 /* Frameworks */,
				831ED93719F6BB47006CF654 /* Resources */,
			);
			buildRules = (
			);
			dependencies = (
			);
			name = MiniShows;
			productName = MiniShows;
			productReference = 831ED93919F6BB47006CF654 /* MiniShows.app */;
			productType = "com.apple.product-type.application";
		};
		831ED95119F6BB47006CF654 /* MiniShowsTests */ = {
			isa = PBXNativeTarget;
			buildConfigurationList = 831ED95F19F6BB47006CF654 /* Build configuration list for PBXNativeTarget "MiniShowsTests" */;
			buildPhases = (
				831ED94E19F6BB47006CF654 /* Sources */,
				831ED94F19F6BB47006CF654 /* Frameworks */,
				831ED95019F6BB47006CF654 /* Resources */,
			);
			buildRules = (
			);
			dependencies = (
				831ED95419F6BB47006CF654 /* PBXTargetDependency */,
			);
			name = MiniShowsTests;
			productName = MiniShowsTests;
			productReference = 831ED95219F6BB47006CF654 /* MiniShowsTests.xctest */;
			productType = "com.apple.product-type.bundle.unit-test";
		};
/* End PBXNativeTarget section */

/* Begin PBXProject section */
		831ED93119F6BB47006CF654 /* Project object */ = {
			isa = PBXProject;
			attributes = {
				LastUpgradeCheck = 0600;
				ORGANIZATIONNAME = mariabernis;
				TargetAttributes = {
					831ED93819F6BB47006CF654 = {
						CreatedOnToolsVersion = 6.0.1;
					};
					831ED95119F6BB47006CF654 = {
						CreatedOnToolsVersion = 6.0.1;
						TestTargetID = 831ED93819F6BB47006CF654;
					};
				};
			};
			buildConfigurationList = 831ED93419F6BB47006CF654 /* Build configuration list for PBXProject "MiniShows" */;
			compatibilityVersion = "Xcode 3.2";
			developmentRegion = English;
			hasScannedForEncodings = 0;
			knownRegions = (
				en,
				Base,
			);
			mainGroup = 831ED93019F6BB47006CF654;
			productRefGroup = 831ED93A19F6BB47006CF654 /* Products */;
			projectDirPath = "";
			projectRoot = "";
			targets = (
				831ED93819F6BB47006CF654 /* MiniShows */,
				831ED95119F6BB47006CF654 /* MiniShowsTests */,
			);
		};
/* End PBXProject section */

/* Begin PBXResourcesBuildPhase section */
		831ED93719F6BB47006CF654 /* Resources */ = {
			isa = PBXResourcesBuildPhase;
			buildActionMask = 2147483647;
			files = (
				832E6D0619FC2AC200AE1F6A /* listLayoutOFFButton.png in Resources */,
				832E6D0C19FC2AC200AE1F6A /* seenButton.png in Resources */,
				832E6CFC19FC2AC200AE1F6A /* closeButton.png in Resources */,
				832E6D0A19FC2AC200AE1F6A /* menuButton.png in Resources */,
				A713F41B19FC6C810005CBB5 /* twitter.png in Resources */,
				832E6D1119FC2AC200AE1F6A /* shareButton@2x.png in Resources */,
				832E6CFD19FC2AC200AE1F6A /* closeButton@2x.png in Resources */,
				832E6D0D19FC2AC200AE1F6A /* seenButton@2x.png in Resources */,
				832E6D0E19FC2AC200AE1F6A /* settingsButton.png in Resources */,
				832E6D0019FC2AC200AE1F6A /* gridLayoutONButton.png in Resources */,
				832E6D0119FC2AC200AE1F6A /* gridLayoutONButton@2x.png in Resources */,
				832E6D0819FC2AC200AE1F6A /* listLayoutONButton.png in Resources */,
				832E6CFF19FC2AC200AE1F6A /* gridLayoutOFFButton@2x.png in Resources */,
				832E6D0F19FC2AC200AE1F6A /* settingsButton@2x.png in Resources */,
				832E6D0919FC2AC200AE1F6A /* listLayoutONButton@2x.png in Resources */,
				832E6CFE19FC2AC200AE1F6A /* gridLayoutOFFButton.png in Resources */,
				A7E8241919F799E70036D601 /* LaunchScreen.xib in Resources */,
				832E6D0719FC2AC200AE1F6A /* listLayoutOFFButton@2x.png in Resources */,
				832E6CFA19FC2AC200AE1F6A /* backButton.png in Resources */,
				8384D8A919F7A77A00F2D4ED /* detail_bigbang_p.jpg in Resources */,
				832E6D0419FC2AC200AE1F6A /* infoButton.png in Resources */,
				832E6D0B19FC2AC200AE1F6A /* menuButton@2x.png in Resources */,
				832E6D0319FC2AC200AE1F6A /* info2Button@2x.png in Resources */,
				A713F41C19FC6C810005CBB5 /* twitter@2x.png in Resources */,
				832E6CFB19FC2AC200AE1F6A /* backButton@2x.png in Resources */,
				832E6D0219FC2AC200AE1F6A /* info2Button.png in Resources */,
				832E6D1019FC2AC200AE1F6A /* shareButton.png in Resources */,
				831ED94819F6BB47006CF654 /* Main.storyboard in Resources */,
				832E6D0519FC2AC200AE1F6A /* infoButton@2x.png in Resources */,
				8384D8A819F7A77A00F2D4ED /* detail_bigbang_l.jpg in Resources */,
				A7E8241E19F7AA500036D601 /* detail_bigbang_b.jpg in Resources */,
				831ED94A19F6BB47006CF654 /* Images.xcassets in Resources */,
			);
			runOnlyForDeploymentPostprocessing = 0;
		};
		831ED95019F6BB47006CF654 /* Resources */ = {
			isa = PBXResourcesBuildPhase;
			buildActionMask = 2147483647;
			files = (
			);
			runOnlyForDeploymentPostprocessing = 0;
		};
/* End PBXResourcesBuildPhase section */

/* Begin PBXSourcesBuildPhase section */
		831ED93519F6BB47006CF654 /* Sources */ = {
			isa = PBXSourcesBuildPhase;
			buildActionMask = 2147483647;
			files = (
				83DDFEB419FC352B00875324 /* Shows.m in Sources */,
				A7E8241C19F7A27B0036D601 /* Show.m in Sources */,
				831ED94519F6BB47006CF654 /* MainViewController.m in Sources */,
				831ED94219F6BB47006CF654 /* AppDelegate.m in Sources */,
				831ED96719F6BFB0006CF654 /* ShowCell.m in Sources */,
				A713F41F19FC6EA90005CBB5 /* CustomView.m in Sources */,
				831ED93F19F6BB47006CF654 /* main.m in Sources */,
				A713F41419FC519D0005CBB5 /* OptionsViewController.m in Sources */,
				A73A8E9519FD056200764CDC /* CircleButton.m in Sources */,
			);
			runOnlyForDeploymentPostprocessing = 0;
		};
		831ED94E19F6BB47006CF654 /* Sources */ = {
			isa = PBXSourcesBuildPhase;
			buildActionMask = 2147483647;
			files = (
				831ED95919F6BB47006CF654 /* MiniShowsTests.m in Sources */,
			);
			runOnlyForDeploymentPostprocessing = 0;
		};
/* End PBXSourcesBuildPhase section */

/* Begin PBXTargetDependency section */
		831ED95419F6BB47006CF654 /* PBXTargetDependency */ = {
			isa = PBXTargetDependency;
			target = 831ED93819F6BB47006CF654 /* MiniShows */;
			targetProxy = 831ED95319F6BB47006CF654 /* PBXContainerItemProxy */;
		};
/* End PBXTargetDependency section */

/* Begin PBXVariantGroup section */
		831ED94619F6BB47006CF654 /* Main.storyboard */ = {
			isa = PBXVariantGroup;
			children = (
				831ED94719F6BB47006CF654 /* Base */,
			);
			name = Main.storyboard;
			sourceTree = "<group>";
		};
		A7E8241719F799E70036D601 /* LaunchScreen.xib */ = {
			isa = PBXVariantGroup;
			children = (
				A7E8241819F799E70036D601 /* Base */,
			);
			name = LaunchScreen.xib;
			sourceTree = "<group>";
		};
/* End PBXVariantGroup section */

/* Begin XCBuildConfiguration section */
		831ED95A19F6BB47006CF654 /* Debug */ = {
			isa = XCBuildConfiguration;
			buildSettings = {
				ALWAYS_SEARCH_USER_PATHS = NO;
				CLANG_CXX_LANGUAGE_STANDARD = "gnu++0x";
				CLANG_CXX_LIBRARY = "libc++";
				CLANG_ENABLE_MODULES = YES;
				CLANG_ENABLE_OBJC_ARC = YES;
				CLANG_WARN_BOOL_CONVERSION = YES;
				CLANG_WARN_CONSTANT_CONVERSION = YES;
				CLANG_WARN_DIRECT_OBJC_ISA_USAGE = YES_ERROR;
				CLANG_WARN_EMPTY_BODY = YES;
				CLANG_WARN_ENUM_CONVERSION = YES;
				CLANG_WARN_INT_CONVERSION = YES;
				CLANG_WARN_OBJC_ROOT_CLASS = YES_ERROR;
				CLANG_WARN_UNREACHABLE_CODE = YES;
				CLANG_WARN__DUPLICATE_METHOD_MATCH = YES;
				"CODE_SIGN_IDENTITY[sdk=iphoneos*]" = "iPhone Developer";
				COPY_PHASE_STRIP = NO;
				ENABLE_STRICT_OBJC_MSGSEND = YES;
				GCC_C_LANGUAGE_STANDARD = gnu99;
				GCC_DYNAMIC_NO_PIC = NO;
				GCC_OPTIMIZATION_LEVEL = 0;
				GCC_PREPROCESSOR_DEFINITIONS = (
					"DEBUG=1",
					"$(inherited)",
				);
				GCC_SYMBOLS_PRIVATE_EXTERN = NO;
				GCC_WARN_64_TO_32_BIT_CONVERSION = YES;
				GCC_WARN_ABOUT_RETURN_TYPE = YES_ERROR;
				GCC_WARN_UNDECLARED_SELECTOR = YES;
				GCC_WARN_UNINITIALIZED_AUTOS = YES_AGGRESSIVE;
				GCC_WARN_UNUSED_FUNCTION = YES;
				GCC_WARN_UNUSED_VARIABLE = YES;
				IPHONEOS_DEPLOYMENT_TARGET = 8.0;
				MTL_ENABLE_DEBUG_INFO = YES;
				ONLY_ACTIVE_ARCH = YES;
				SDKROOT = iphoneos;
				TARGETED_DEVICE_FAMILY = 2;
			};
			name = Debug;
		};
		831ED95B19F6BB47006CF654 /* Release */ = {
			isa = XCBuildConfiguration;
			buildSettings = {
				ALWAYS_SEARCH_USER_PATHS = NO;
				CLANG_CXX_LANGUAGE_STANDARD = "gnu++0x";
				CLANG_CXX_LIBRARY = "libc++";
				CLANG_ENABLE_MODULES = YES;
				CLANG_ENABLE_OBJC_ARC = YES;
				CLANG_WARN_BOOL_CONVERSION = YES;
				CLANG_WARN_CONSTANT_CONVERSION = YES;
				CLANG_WARN_DIRECT_OBJC_ISA_USAGE = YES_ERROR;
				CLANG_WARN_EMPTY_BODY = YES;
				CLANG_WARN_ENUM_CONVERSION = YES;
				CLANG_WARN_INT_CONVERSION = YES;
				CLANG_WARN_OBJC_ROOT_CLASS = YES_ERROR;
				CLANG_WARN_UNREACHABLE_CODE = YES;
				CLANG_WARN__DUPLICATE_METHOD_MATCH = YES;
				"CODE_SIGN_IDENTITY[sdk=iphoneos*]" = "iPhone Developer";
				COPY_PHASE_STRIP = YES;
				ENABLE_NS_ASSERTIONS = NO;
				ENABLE_STRICT_OBJC_MSGSEND = YES;
				GCC_C_LANGUAGE_STANDARD = gnu99;
				GCC_WARN_64_TO_32_BIT_CONVERSION = YES;
				GCC_WARN_ABOUT_RETURN_TYPE = YES_ERROR;
				GCC_WARN_UNDECLARED_SELECTOR = YES;
				GCC_WARN_UNINITIALIZED_AUTOS = YES_AGGRESSIVE;
				GCC_WARN_UNUSED_FUNCTION = YES;
				GCC_WARN_UNUSED_VARIABLE = YES;
				IPHONEOS_DEPLOYMENT_TARGET = 8.0;
				MTL_ENABLE_DEBUG_INFO = NO;
				SDKROOT = iphoneos;
				TARGETED_DEVICE_FAMILY = 2;
				VALIDATE_PRODUCT = YES;
			};
			name = Release;
		};
		831ED95D19F6BB47006CF654 /* Debug */ = {
			isa = XCBuildConfiguration;
			buildSettings = {
				ASSETCATALOG_COMPILER_APPICON_NAME = AppIcon;
				INFOPLIST_FILE = "MiniShows/Supporting Files/Info.plist";
				LD_RUNPATH_SEARCH_PATHS = "$(inherited) @executable_path/Frameworks";
				PRODUCT_NAME = "$(TARGET_NAME)";
				TARGETED_DEVICE_FAMILY = "1,2";
			};
			name = Debug;
		};
		831ED95E19F6BB47006CF654 /* Release */ = {
			isa = XCBuildConfiguration;
			buildSettings = {
				ASSETCATALOG_COMPILER_APPICON_NAME = AppIcon;
				INFOPLIST_FILE = "MiniShows/Supporting Files/Info.plist";
				LD_RUNPATH_SEARCH_PATHS = "$(inherited) @executable_path/Frameworks";
				PRODUCT_NAME = "$(TARGET_NAME)";
				TARGETED_DEVICE_FAMILY = "1,2";
			};
			name = Release;
		};
		831ED96019F6BB47006CF654 /* Debug */ = {
			isa = XCBuildConfiguration;
			buildSettings = {
				BUNDLE_LOADER = "$(TEST_HOST)";
				FRAMEWORK_SEARCH_PATHS = (
					"$(SDKROOT)/Developer/Library/Frameworks",
					"$(inherited)",
				);
				GCC_PREPROCESSOR_DEFINITIONS = (
					"DEBUG=1",
					"$(inherited)",
				);
				INFOPLIST_FILE = "MiniShowsTests/Supporting Files/Info.plist";
				LD_RUNPATH_SEARCH_PATHS = "$(inherited) @executable_path/Frameworks @loader_path/Frameworks";
				PRODUCT_NAME = "$(TARGET_NAME)";
				TEST_HOST = "$(BUILT_PRODUCTS_DIR)/MiniShows.app/MiniShows";
			};
			name = Debug;
		};
		831ED96119F6BB47006CF654 /* Release */ = {
			isa = XCBuildConfiguration;
			buildSettings = {
				BUNDLE_LOADER = "$(TEST_HOST)";
				FRAMEWORK_SEARCH_PATHS = (
					"$(SDKROOT)/Developer/Library/Frameworks",
					"$(inherited)",
				);
				INFOPLIST_FILE = "MiniShowsTests/Supporting Files/Info.plist";
				LD_RUNPATH_SEARCH_PATHS = "$(inherited) @executable_path/Frameworks @loader_path/Frameworks";
				PRODUCT_NAME = "$(TARGET_NAME)";
				TEST_HOST = "$(BUILT_PRODUCTS_DIR)/MiniShows.app/MiniShows";
			};
			name = Release;
		};
/* End XCBuildConfiguration section */

/* Begin XCConfigurationList section */
		831ED93419F6BB47006CF654 /* Build configuration list for PBXProject "MiniShows" */ = {
			isa = XCConfigurationList;
			buildConfigurations = (
				831ED95A19F6BB47006CF654 /* Debug */,
				831ED95B19F6BB47006CF654 /* Release */,
			);
			defaultConfigurationIsVisible = 0;
			defaultConfigurationName = Release;
		};
		831ED95C19F6BB47006CF654 /* Build configuration list for PBXNativeTarget "MiniShows" */ = {
			isa = XCConfigurationList;
			buildConfigurations = (
				831ED95D19F6BB47006CF654 /* Debug */,
				831ED95E19F6BB47006CF654 /* Release */,
			);
			defaultConfigurationIsVisible = 0;
			defaultConfigurationName = Release;
		};
		831ED95F19F6BB47006CF654 /* Build configuration list for PBXNativeTarget "MiniShowsTests" */ = {
			isa = XCConfigurationList;
			buildConfigurations = (
				831ED96019F6BB47006CF654 /* Debug */,
				831ED96119F6BB47006CF654 /* Release */,
			);
			defaultConfigurationIsVisible = 0;
			defaultConfigurationName = Release;
		};
/* End XCConfigurationList section */
	};
	rootObject = 831ED93119F6BB47006CF654 /* Project object */;
}
